
Microsoft Visual Studio Solution File, Format Version 12.00
# Visual Studio 15
VisualStudioVersion = 15.0.28010.2046
MinimumVisualStudioVersion = 10.0.40219.1
Project("{9A19103F-16F7-4668-BE54-9A1E7A4F7556}") = "Domain", "Domain\Domain.csproj", "{FEB146E7-856F-4684-B367-7B4FC5490C0F}"
EndProject
Project("{9A19103F-16F7-4668-BE54-9A1E7A4F7556}") = "Application", "Application\Application.csproj", "{07E4E94B-6AE5-4482-8A1C-6026FB7C37A0}"
EndProject
Project("{9A19103F-16F7-4668-BE54-9A1E7A4F7556}") = "Infrastructure", "Infrastructure\Infrastructure.csproj", "{EA9C9662-1824-4798-A5A5-B2868448ABB0}"
EndProject
Project("{9A19103F-16F7-4668-BE54-9A1E7A4F7556}") = "Tests", "Tests\Tests.csproj", "{F7FB8810-836B-429D-83A9-5EF8D6344827}"
EndProject
Project("{2150E333-8FDC-42A3-9474-1A3956D46DE8}") = "Solution Items", "Solution Items", "{9304F9B5-A03C-461B-BC3A-86D12809C575}"
	ProjectSection(SolutionItems) = preProject
		.editorconfig = .editorconfig
		..\..\README.md = ..\..\README.md
	EndProjectSection
EndProject
Project("{2150E333-8FDC-42A3-9474-1A3956D46DE8}") = "TestApplications", "TestApplications", "{F68B466B-1117-4AE8-8A46-D8FFDC04EBA6}"
EndProject
Project("{9A19103F-16F7-4668-BE54-9A1E7A4F7556}") = "TestConsole", "TestApplications\TestConsole\TestConsole.csproj", "{2354DA24-FA9A-45B4-972C-1537401FF2D1}"
EndProject
Global
	GlobalSection(SolutionConfigurationPlatforms) = preSolution
		Debug|Any CPU = Debug|Any CPU
		Release|Any CPU = Release|Any CPU
	EndGlobalSection
	GlobalSection(ProjectConfigurationPlatforms) = postSolution
		{FEB146E7-856F-4684-B367-7B4FC5490C0F}.Debug|Any CPU.ActiveCfg = Debug|Any CPU
		{FEB146E7-856F-4684-B367-7B4FC5490C0F}.Debug|Any CPU.Build.0 = Debug|Any CPU
		{FEB146E7-856F-4684-B367-7B4FC5490C0F}.Release|Any CPU.ActiveCfg = Release|Any CPU
		{FEB146E7-856F-4684-B367-7B4FC5490C0F}.Release|Any CPU.Build.0 = Release|Any CPU
		{07E4E94B-6AE5-4482-8A1C-6026FB7C37A0}.Debug|Any CPU.ActiveCfg = Debug|Any CPU
		{07E4E94B-6AE5-4482-8A1C-6026FB7C37A0}.Debug|Any CPU.Build.0 = Debug|Any CPU
		{07E4E94B-6AE5-4482-8A1C-6026FB7C37A0}.Release|Any CPU.ActiveCfg = Release|Any CPU
		{07E4E94B-6AE5-4482-8A1C-6026FB7C37A0}.Release|Any CPU.Build.0 = Release|Any CPU
		{EA9C9662-1824-4798-A5A5-B2868448ABB0}.Debug|Any CPU.ActiveCfg = Debug|Any CPU
		{EA9C9662-1824-4798-A5A5-B2868448ABB0}.Debug|Any CPU.Build.0 = Debug|Any CPU
		{EA9C9662-1824-4798-A5A5-B2868448ABB0}.Release|Any CPU.ActiveCfg = Release|Any CPU
		{EA9C9662-1824-4798-A5A5-B2868448ABB0}.Release|Any CPU.Build.0 = Release|Any CPU
		{F7FB8810-836B-429D-83A9-5EF8D6344827}.Debug|Any CPU.ActiveCfg = Debug|Any CPU
		{F7FB8810-836B-429D-83A9-5EF8D6344827}.Debug|Any CPU.Build.0 = Debug|Any CPU
		{F7FB8810-836B-429D-83A9-5EF8D6344827}.Release|Any CPU.ActiveCfg = Release|Any CPU
		{F7FB8810-836B-429D-83A9-5EF8D6344827}.Release|Any CPU.Build.0 = Release|Any CPU
		{2354DA24-FA9A-45B4-972C-1537401FF2D1}.Debug|Any CPU.ActiveCfg = Debug|Any CPU
		{2354DA24-FA9A-45B4-972C-1537401FF2D1}.Debug|Any CPU.Build.0 = Debug|Any CPU
		{2354DA24-FA9A-45B4-972C-1537401FF2D1}.Release|Any CPU.ActiveCfg = Release|Any CPU
		{2354DA24-FA9A-45B4-972C-1537401FF2D1}.Release|Any CPU.Build.0 = Release|Any CPU
	EndGlobalSection
	GlobalSection(SolutionProperties) = preSolution
		HideSolutionNode = FALSE
	EndGlobalSection
	GlobalSection(NestedProjects) = preSolution
		{2354DA24-FA9A-45B4-972C-1537401FF2D1} = {F68B466B-1117-4AE8-8A46-D8FFDC04EBA6}
	EndGlobalSection
	GlobalSection(ExtensibilityGlobals) = postSolution
		SolutionGuid = {0B1EA292-FBDD-4ED6-90A6-F1EF2F569003}
	EndGlobalSection
EndGlobal
